
Microsoft Visual Studio Solution File, Format Version 12.00
# Visual Studio 15
VisualStudioVersion = 15.0.28010.2026
MinimumVisualStudioVersion = 10.0.40219.1
Project("{9A19103F-16F7-4668-BE54-9A1E7A4F7556}") = "PrimitiveWrapperBenchmarks", "PrimitiveWrapperBenchmarks\PrimitiveWrapperBenchmarks.csproj", "{7FC8A224-3CEB-4942-A4E5-FE71FBFF6F3C}"
EndProject
Global
	GlobalSection(SolutionConfigurationPlatforms) = preSolution
		Debug|Any CPU = Debug|Any CPU
		Debug|x64 = Debug|x64
		Release|Any CPU = Release|Any CPU
		Release|x64 = Release|x64
	EndGlobalSection
	GlobalSection(ProjectConfigurationPlatforms) = postSolution
		{7FC8A224-3CEB-4942-A4E5-FE71FBFF6F3C}.Debug|Any CPU.ActiveCfg = Debug|Any CPU
		{7FC8A224-3CEB-4942-A4E5-FE71FBFF6F3C}.Debug|Any CPU.Build.0 = Debug|Any CPU
		{7FC8A224-3CEB-4942-A4E5-FE71FBFF6F3C}.Debug|x64.ActiveCfg = Debug|x64
		{7FC8A224-3CEB-4942-A4E5-FE71FBFF6F3C}.Debug|x64.Build.0 = Debug|x64
		{7FC8A224-3CEB-4942-A4E5-FE71FBFF6F3C}.Release|Any CPU.ActiveCfg = Release|Any CPU
		{7FC8A224-3CEB-4942-A4E5-FE71FBFF6F3C}.Release|Any CPU.Build.0 = Release|Any CPU
		{7FC8A224-3CEB-4942-A4E5-FE71FBFF6F3C}.Release|x64.ActiveCfg = Release|x64
		{7FC8A224-3CEB-4942-A4E5-FE71FBFF6F3C}.Release|x64.Build.0 = Release|x64
	EndGlobalSection
	GlobalSection(SolutionProperties) = preSolution
		HideSolutionNode = FALSE
	EndGlobalSection
	GlobalSection(ExtensibilityGlobals) = postSolution
		SolutionGuid = {85E9A4D9-6A31-4A66-A41B-3DDA4BA36F01}
	EndGlobalSection
EndGlobal
